
Microsoft Visual Studio Solution File, Format Version 12.00
# Visual Studio Version 16
VisualStudioVersion = 16.0.29201.188
MinimumVisualStudioVersion = 10.0.40219.1
Project("{FAE04EC0-301F-11D3-BF4B-00C04F79EFBC}") = "Utlegg", "Utlegg\Utlegg.csproj", "{66CF1147-6089-4AC4-A436-7B83435E0CC8}"
EndProject
Global
	GlobalSection(SolutionConfigurationPlatforms) = preSolution
		Debug|Any CPU = Debug|Any CPU
		Release|Any CPU = Release|Any CPU
	EndGlobalSection
	GlobalSection(ProjectConfigurationPlatforms) = postSolution
		{66CF1147-6089-4AC4-A436-7B83435E0CC8}.Debug|Any CPU.ActiveCfg = Debug|Any CPU
		{66CF1147-6089-4AC4-A436-7B83435E0CC8}.Debug|Any CPU.Build.0 = Debug|Any CPU
		{66CF1147-6089-4AC4-A436-7B83435E0CC8}.Release|Any CPU.ActiveCfg = Release|Any CPU
		{66CF1147-6089-4AC4-A436-7B83435E0CC8}.Release|Any CPU.Build.0 = Release|Any CPU
	EndGlobalSection
	GlobalSection(SolutionProperties) = preSolution
		HideSolutionNode = FALSE
	EndGlobalSection
	GlobalSection(ExtensibilityGlobals) = postSolution
		SolutionGuid = {0EE59DF9-F44A-4D1A-9C69-5693086478FF}
	EndGlobalSection
EndGlobal
